
Microsoft Visual Studio Solution File, Format Version 11.00
# Visual Studio 2010
Project("{FAE04EC0-301F-11D3-BF4B-00C04F79EFBC}") = "Alone the Pirate", "Assembly-CSharp.csproj", "{166DBF1C-B9B7-A991-9863-39D902E5A1A2}"
EndProject
Project("{FAE04EC0-301F-11D3-BF4B-00C04F79EFBC}") = "Alone the Pirate", "Assembly-CSharp-Editor.csproj", "{0CF3BF7E-38C9-1770-CB6B-103B74D536EE}"
EndProject
Global
	GlobalSection(SolutionConfigurationPlatforms) = preSolution
		Debug|Any CPU = Debug|Any CPU
		Release|Any CPU = Release|Any CPU
	EndGlobalSection
	GlobalSection(ProjectConfigurationPlatforms) = postSolution
		{166DBF1C-B9B7-A991-9863-39D902E5A1A2}.Debug|Any CPU.ActiveCfg = Debug|Any CPU
		{166DBF1C-B9B7-A991-9863-39D902E5A1A2}.Debug|Any CPU.Build.0 = Debug|Any CPU
		{166DBF1C-B9B7-A991-9863-39D902E5A1A2}.Release|Any CPU.ActiveCfg = Release|Any CPU
		{166DBF1C-B9B7-A991-9863-39D902E5A1A2}.Release|Any CPU.Build.0 = Release|Any CPU
		{0CF3BF7E-38C9-1770-CB6B-103B74D536EE}.Debug|Any CPU.ActiveCfg = Debug|Any CPU
		{0CF3BF7E-38C9-1770-CB6B-103B74D536EE}.Debug|Any CPU.Build.0 = Debug|Any CPU
		{0CF3BF7E-38C9-1770-CB6B-103B74D536EE}.Release|Any CPU.ActiveCfg = Release|Any CPU
		{0CF3BF7E-38C9-1770-CB6B-103B74D536EE}.Release|Any CPU.Build.0 = Release|Any CPU
	EndGlobalSection
	GlobalSection(SolutionProperties) = preSolution
		HideSolutionNode = FALSE
	EndGlobalSection
	GlobalSection(MonoDevelopProperties) = preSolution
		StartupItem = Assembly-CSharp.csproj
	EndGlobalSection
EndGlobal
